version: 2.0
shards:
  inotify:
    git: https://github.com/petoem/inotify.cr.git
    version: 1.0.3

  logger:
    git: https://github.com/crystal-lang/logger.cr.git
    version: 0.1.0

  popcorn:
    git: https://github.com/icyleaf/popcorn.git
    version: 0.3.0

  totem:
    git: https://github.com/icyleaf/totem.git
    version: 0.7.0

